
Microsoft Visual Studio Solution File, Format Version 12.00
# Visual Studio 15
VisualStudioVersion = 15.0.27428.2037
MinimumVisualStudioVersion = 10.0.40219.1
Project("{FAE04EC0-301F-11D3-BF4B-00C04F79EFBC}") = "BCErp.DTO", "BCErp.DTO\BCErp.DTO.csproj", "{5059D05C-9386-45FE-964C-FF1BE3AB2775}"
EndProject
Global
	GlobalSection(SolutionConfigurationPlatforms) = preSolution
		Debug|Any CPU = Debug|Any CPU
		Release|Any CPU = Release|Any CPU
	EndGlobalSection
	GlobalSection(ProjectConfigurationPlatforms) = postSolution
		{5059D05C-9386-45FE-964C-FF1BE3AB2775}.Debug|Any CPU.ActiveCfg = Debug|Any CPU
		{5059D05C-9386-45FE-964C-FF1BE3AB2775}.Debug|Any CPU.Build.0 = Debug|Any CPU
		{5059D05C-9386-45FE-964C-FF1BE3AB2775}.Release|Any CPU.ActiveCfg = Release|Any CPU
		{5059D05C-9386-45FE-964C-FF1BE3AB2775}.Release|Any CPU.Build.0 = Release|Any CPU
	EndGlobalSection
	GlobalSection(SolutionProperties) = preSolution
		HideSolutionNode = FALSE
	EndGlobalSection
	GlobalSection(ExtensibilityGlobals) = postSolution
		SolutionGuid = {AD705BEC-3058-48AD-846C-4B595ABCA947}
	EndGlobalSection
EndGlobal
